
Microsoft Visual Studio Solution File, Format Version 12.00
# Visual Studio Version 16
VisualStudioVersion = 16.0.33130.400
MinimumVisualStudioVersion = 10.0.40219.1
Project("{FAE04EC0-301F-11D3-BF4B-00C04F79EFBC}") = "Caculation_53_Hau", "Caculation_53_Hau\Caculation_53_Hau.csproj", "{1E08AF54-C9F8-4F29-8446-F7A7A7B758E6}"
EndProject
Project("{FAE04EC0-301F-11D3-BF4B-00C04F79EFBC}") = "CalculatorTester_53_Hau", "CalculatorTester_53_Hau\CalculatorTester_53_Hau.csproj", "{FE55F605-206D-4BFF-8AA8-A0524C8A624A}"
EndProject
Global
	GlobalSection(SolutionConfigurationPlatforms) = preSolution
		Debug|Any CPU = Debug|Any CPU
		Release|Any CPU = Release|Any CPU
	EndGlobalSection
	GlobalSection(ProjectConfigurationPlatforms) = postSolution
		{1E08AF54-C9F8-4F29-8446-F7A7A7B758E6}.Debug|Any CPU.ActiveCfg = Debug|Any CPU
		{1E08AF54-C9F8-4F29-8446-F7A7A7B758E6}.Debug|Any CPU.Build.0 = Debug|Any CPU
		{1E08AF54-C9F8-4F29-8446-F7A7A7B758E6}.Release|Any CPU.ActiveCfg = Release|Any CPU
		{1E08AF54-C9F8-4F29-8446-F7A7A7B758E6}.Release|Any CPU.Build.0 = Release|Any CPU
		{FE55F605-206D-4BFF-8AA8-A0524C8A624A}.Debug|Any CPU.ActiveCfg = Debug|Any CPU
		{FE55F605-206D-4BFF-8AA8-A0524C8A624A}.Debug|Any CPU.Build.0 = Debug|Any CPU
		{FE55F605-206D-4BFF-8AA8-A0524C8A624A}.Release|Any CPU.ActiveCfg = Release|Any CPU
		{FE55F605-206D-4BFF-8AA8-A0524C8A624A}.Release|Any CPU.Build.0 = Release|Any CPU
	EndGlobalSection
	GlobalSection(SolutionProperties) = preSolution
		HideSolutionNode = FALSE
	EndGlobalSection
	GlobalSection(ExtensibilityGlobals) = postSolution
		SolutionGuid = {B9535E36-2174-4A52-8C50-60A2FAB32122}
	EndGlobalSection
EndGlobal
